
Microsoft Visual Studio Solution File, Format Version 12.00
# Visual Studio Version 17
VisualStudioVersion = 17.7.34202.233
MinimumVisualStudioVersion = 10.0.40219.1
Project("{9A19103F-16F7-4668-BE54-9A1E7A4F7556}") = "TopWarDatabase", "TopWarDatabase\TopWarDatabase.csproj", "{085BB5A5-10E4-4D7F-A963-CDE63E8F2B74}"
EndProject
Project("{9A19103F-16F7-4668-BE54-9A1E7A4F7556}") = "TopWarModels", "TopWarModels\TopWarModels.csproj", "{24890AB8-F019-4656-9420-A7CA6F263720}"
EndProject
Project("{FAE04EC0-301F-11D3-BF4B-00C04F79EFBC}") = "Tests", "Tests\Tests.csproj", "{3C83945D-AC06-41CE-9A52-5114E3C10360}"
EndProject
Global
	GlobalSection(SolutionConfigurationPlatforms) = preSolution
		Debug|Any CPU = Debug|Any CPU
		Release|Any CPU = Release|Any CPU
	EndGlobalSection
	GlobalSection(ProjectConfigurationPlatforms) = postSolution
		{085BB5A5-10E4-4D7F-A963-CDE63E8F2B74}.Debug|Any CPU.ActiveCfg = Debug|Any CPU
		{085BB5A5-10E4-4D7F-A963-CDE63E8F2B74}.Debug|Any CPU.Build.0 = Debug|Any CPU
		{085BB5A5-10E4-4D7F-A963-CDE63E8F2B74}.Release|Any CPU.ActiveCfg = Release|Any CPU
		{085BB5A5-10E4-4D7F-A963-CDE63E8F2B74}.Release|Any CPU.Build.0 = Release|Any CPU
		{24890AB8-F019-4656-9420-A7CA6F263720}.Debug|Any CPU.ActiveCfg = Debug|Any CPU
		{24890AB8-F019-4656-9420-A7CA6F263720}.Debug|Any CPU.Build.0 = Debug|Any CPU
		{24890AB8-F019-4656-9420-A7CA6F263720}.Release|Any CPU.ActiveCfg = Release|Any CPU
		{24890AB8-F019-4656-9420-A7CA6F263720}.Release|Any CPU.Build.0 = Release|Any CPU
		{3C83945D-AC06-41CE-9A52-5114E3C10360}.Debug|Any CPU.ActiveCfg = Debug|Any CPU
		{3C83945D-AC06-41CE-9A52-5114E3C10360}.Debug|Any CPU.Build.0 = Debug|Any CPU
		{3C83945D-AC06-41CE-9A52-5114E3C10360}.Release|Any CPU.ActiveCfg = Release|Any CPU
		{3C83945D-AC06-41CE-9A52-5114E3C10360}.Release|Any CPU.Build.0 = Release|Any CPU
	EndGlobalSection
	GlobalSection(SolutionProperties) = preSolution
		HideSolutionNode = FALSE
	EndGlobalSection
	GlobalSection(ExtensibilityGlobals) = postSolution
		SolutionGuid = {52FBBF2B-991A-4780-B570-276CEF473EC6}
	EndGlobalSection
EndGlobal
